
Microsoft Visual Studio Solution File, Format Version 12.00
# Visual Studio Version 17
VisualStudioVersion = 17.6.33723.286
MinimumVisualStudioVersion = 10.0.40219.1
Project("{FAE04EC0-301F-11D3-BF4B-00C04F79EFBC}") = "PaymentWithPayPalRestAPI", "PaymentWithPayPalRestAPI\PaymentWithPayPalRestAPI.csproj", "{88508D30-EA2E-49FA-AFE4-C200FC33E748}"
EndProject
Global
	GlobalSection(SolutionConfigurationPlatforms) = preSolution
		Debug|Any CPU = Debug|Any CPU
		Release|Any CPU = Release|Any CPU
	EndGlobalSection
	GlobalSection(ProjectConfigurationPlatforms) = postSolution
		{88508D30-EA2E-49FA-AFE4-C200FC33E748}.Debug|Any CPU.ActiveCfg = Debug|Any CPU
		{88508D30-EA2E-49FA-AFE4-C200FC33E748}.Debug|Any CPU.Build.0 = Debug|Any CPU
		{88508D30-EA2E-49FA-AFE4-C200FC33E748}.Release|Any CPU.ActiveCfg = Release|Any CPU
		{88508D30-EA2E-49FA-AFE4-C200FC33E748}.Release|Any CPU.Build.0 = Release|Any CPU
	EndGlobalSection
	GlobalSection(SolutionProperties) = preSolution
		HideSolutionNode = FALSE
	EndGlobalSection
	GlobalSection(ExtensibilityGlobals) = postSolution
		SolutionGuid = {5E6A35AA-E8DA-4D3E-9391-549C98697198}
	EndGlobalSection
EndGlobal
